// !$*UTF8*$!
{
	archiveVersion = 1;
	classes = {
	};
	objectVersion = 46;
	objects = {

/* Begin PBXBuildFile section */
		0FBF7A621E6C8928003B9BC9 /* DeobfuscatedKeyFactory.m in Sources */ = {isa = PBXBuildFile; fileRef = 0FBF7A611E6C8928003B9BC9 /* DeobfuscatedKeyFactory.m */; };
		0FBF7A631E6C8928003B9BC9 /* DeobfuscatedKeyFactory.m in Sources */ = {isa = PBXBuildFile; fileRef = 0FBF7A611E6C8928003B9BC9 /* DeobfuscatedKeyFactory.m */; };
		0FBF7A661E6C8AD0003B9BC9 /* DeobfuscatedKeyFactoryTests.m in Sources */ = {isa = PBXBuildFile; fileRef = 0FBF7A651E6C8AD0003B9BC9 /* DeobfuscatedKeyFactoryTests.m */; };
		0FBF7A6B1E6CA2B0003B9BC9 /* Obfuscator.m in Sources */ = {isa = PBXBuildFile; fileRef = 0FBF7A6A1E6CA2B0003B9BC9 /* Obfuscator.m */; };
		0FBF7A6C1E6CA2B0003B9BC9 /* Obfuscator.m in Sources */ = {isa = PBXBuildFile; fileRef = 0FBF7A6A1E6CA2B0003B9BC9 /* Obfuscator.m */; };
		0FBF7A701E703F06003B9BC9 /* Printer.m in Sources */ = {isa = PBXBuildFile; fileRef = 0FBF7A6F1E703F06003B9BC9 /* Printer.m */; };
		0FBF7A711E703F06003B9BC9 /* Printer.m in Sources */ = {isa = PBXBuildFile; fileRef = 0FBF7A6F1E703F06003B9BC9 /* Printer.m */; };
		A1F463331E607EBC003BF967 /* main.m in Sources */ = {isa = PBXBuildFile; fileRef = A1F463321E607EBC003BF967 /* main.m */; };
		A1F463761E63527D003BF967 /* zaputyvalschikUnitTests.m in Sources */ = {isa = PBXBuildFile; fileRef = A1F463751E63527D003BF967 /* zaputyvalschikUnitTests.m */; };
		A1F4637E1E635421003BF967 /* ObfuscatedKeyFactory.m in Sources */ = {isa = PBXBuildFile; fileRef = A1F4637D1E635421003BF967 /* ObfuscatedKeyFactory.m */; };
		A1F4637F1E635421003BF967 /* ObfuscatedKeyFactory.m in Sources */ = {isa = PBXBuildFile; fileRef = A1F4637D1E635421003BF967 /* ObfuscatedKeyFactory.m */; };
		A1F463821E635540003BF967 /* ObfuscatedKeyFactoryTests.m in Sources */ = {isa = PBXBuildFile; fileRef = A1F463811E635540003BF967 /* ObfuscatedKeyFactoryTests.m */; };
/* End PBXBuildFile section */

/* Begin PBXCopyFilesBuildPhase section */
		A1F4632D1E607EBC003BF967 /* CopyFiles */ = {
			isa = PBXCopyFilesBuildPhase;
			buildActionMask = 2147483647;
			dstPath = /usr/share/man/man1/;
			dstSubfolderSpec = 0;
			files = (
			);
			runOnlyForDeploymentPostprocessing = 1;
		};
/* End PBXCopyFilesBuildPhase section */

/* Begin PBXFileReference section */
		0FBF7A601E6C8928003B9BC9 /* DeobfuscatedKeyFactory.h */ = {isa = PBXFileReference; fileEncoding = 4; lastKnownFileType = sourcecode.c.h; path = DeobfuscatedKeyFactory.h; sourceTree = "<group>"; };
		0FBF7A611E6C8928003B9BC9 /* DeobfuscatedKeyFactory.m */ = {isa = PBXFileReference; fileEncoding = 4; lastKnownFileType = sourcecode.c.objc; path = DeobfuscatedKeyFactory.m; sourceTree = "<group>"; };
		0FBF7A651E6C8AD0003B9BC9 /* DeobfuscatedKeyFactoryTests.m */ = {isa = PBXFileReference; fileEncoding = 4; lastKnownFileType = sourcecode.c.objc; path = DeobfuscatedKeyFactoryTests.m; sourceTree = "<group>"; };
		0FBF7A691E6CA2B0003B9BC9 /* Obfuscator.h */ = {isa = PBXFileReference; fileEncoding = 4; lastKnownFileType = sourcecode.c.h; path = Obfuscator.h; sourceTree = "<group>"; };
		0FBF7A6A1E6CA2B0003B9BC9 /* Obfuscator.m */ = {isa = PBXFileReference; fileEncoding = 4; lastKnownFileType = sourcecode.c.objc; path = Obfuscator.m; sourceTree = "<group>"; };
		0FBF7A6E1E703F06003B9BC9 /* Printer.h */ = {isa = PBXFileReference; fileEncoding = 4; lastKnownFileType = sourcecode.c.h; path = Printer.h; sourceTree = "<group>"; };
		0FBF7A6F1E703F06003B9BC9 /* Printer.m */ = {isa = PBXFileReference; fileEncoding = 4; lastKnownFileType = sourcecode.c.objc; path = Printer.m; sourceTree = "<group>"; };
		A1F4632F1E607EBC003BF967 /* zaputyvalschik */ = {isa = PBXFileReference; explicitFileType = "compiled.mach-o.executable"; includeInIndex = 0; path = zaputyvalschik; sourceTree = BUILT_PRODUCTS_DIR; };
		A1F463321E607EBC003BF967 /* main.m */ = {isa = PBXFileReference; lastKnownFileType = sourcecode.c.objc; path = main.m; sourceTree = "<group>"; };
		A1F463731E63527D003BF967 /* zaputyvalschikUnitTests.xctest */ = {isa = PBXFileReference; explicitFileType = wrapper.cfbundle; includeInIndex = 0; path = zaputyvalschikUnitTests.xctest; sourceTree = BUILT_PRODUCTS_DIR; };
		A1F463751E63527D003BF967 /* zaputyvalschikUnitTests.m */ = {isa = PBXFileReference; lastKnownFileType = sourcecode.c.objc; path = zaputyvalschikUnitTests.m; sourceTree = "<group>"; };
		A1F463771E63527D003BF967 /* Info.plist */ = {isa = PBXFileReference; lastKnownFileType = text.plist.xml; path = Info.plist; sourceTree = "<group>"; };
		A1F4637C1E635421003BF967 /* ObfuscatedKeyFactory.h */ = {isa = PBXFileReference; fileEncoding = 4; lastKnownFileType = sourcecode.c.h; path = ObfuscatedKeyFactory.h; sourceTree = "<group>"; };
		A1F4637D1E635421003BF967 /* ObfuscatedKeyFactory.m */ = {isa = PBXFileReference; fileEncoding = 4; lastKnownFileType = sourcecode.c.objc; path = ObfuscatedKeyFactory.m; sourceTree = "<group>"; };
		A1F463811E635540003BF967 /* ObfuscatedKeyFactoryTests.m */ = {isa = PBXFileReference; fileEncoding = 4; lastKnownFileType = sourcecode.c.objc; path = ObfuscatedKeyFactoryTests.m; sourceTree = "<group>"; };
/* End PBXFileReference section */

/* Begin PBXFrameworksBuildPhase section */
		A1F4632C1E607EBC003BF967 /* Frameworks */ = {
			isa = PBXFrameworksBuildPhase;
			buildActionMask = 2147483647;
			files = (
			);
			runOnlyForDeploymentPostprocessing = 0;
		};
		A1F463701E63527D003BF967 /* Frameworks */ = {
			isa = PBXFrameworksBuildPhase;
			buildActionMask = 2147483647;
			files = (
			);
			runOnlyForDeploymentPostprocessing = 0;
		};
/* End PBXFrameworksBuildPhase section */

/* Begin PBXGroup section */
		0FBF7A5F1E6C8918003B9BC9 /* DeobfuscatedKeyFactory */ = {
			isa = PBXGroup;
			children = (
				0FBF7A601E6C8928003B9BC9 /* DeobfuscatedKeyFactory.h */,
				0FBF7A611E6C8928003B9BC9 /* DeobfuscatedKeyFactory.m */,
			);
			path = DeobfuscatedKeyFactory;
			sourceTree = "<group>";
		};
		0FBF7A641E6C8AC0003B9BC9 /* DeobfuscatedKeyFactoryTests */ = {
			isa = PBXGroup;
			children = (
				0FBF7A651E6C8AD0003B9BC9 /* DeobfuscatedKeyFactoryTests.m */,
			);
			path = DeobfuscatedKeyFactoryTests;
			sourceTree = "<group>";
		};
		0FBF7A681E6CA299003B9BC9 /* Obfuscator */ = {
			isa = PBXGroup;
			children = (
				0FBF7A691E6CA2B0003B9BC9 /* Obfuscator.h */,
				0FBF7A6A1E6CA2B0003B9BC9 /* Obfuscator.m */,
			);
			path = Obfuscator;
			sourceTree = "<group>";
		};
		0FBF7A6D1E703D78003B9BC9 /* Helpers */ = {
			isa = PBXGroup;
			children = (
				0FBF7A6E1E703F06003B9BC9 /* Printer.h */,
				0FBF7A6F1E703F06003B9BC9 /* Printer.m */,
			);
			path = Helpers;
			sourceTree = "<group>";
		};
		A1F463261E607EBC003BF967 = {
			isa = PBXGroup;
			children = (
				A1F463311E607EBC003BF967 /* zaputyvalschik */,
				A1F463741E63527D003BF967 /* zaputyvalschikUnitTests */,
				A1F463301E607EBC003BF967 /* Products */,
			);
			sourceTree = "<group>";
		};
		A1F463301E607EBC003BF967 /* Products */ = {
			isa = PBXGroup;
			children = (
				A1F4632F1E607EBC003BF967 /* zaputyvalschik */,
				A1F463731E63527D003BF967 /* zaputyvalschikUnitTests.xctest */,
			);
			name = Products;
			sourceTree = "<group>";
		};
		A1F463311E607EBC003BF967 /* zaputyvalschik */ = {
			isa = PBXGroup;
			children = (
				0FBF7A6D1E703D78003B9BC9 /* Helpers */,
				0FBF7A681E6CA299003B9BC9 /* Obfuscator */,
				A1F4637B1E63540F003BF967 /* ObfuscatedKeyFactory */,
				0FBF7A5F1E6C8918003B9BC9 /* DeobfuscatedKeyFactory */,
				A1F463321E607EBC003BF967 /* main.m */,
			);
			path = zaputyvalschik;
			sourceTree = "<group>";
		};
		A1F463741E63527D003BF967 /* zaputyvalschikUnitTests */ = {
			isa = PBXGroup;
			children = (
				A1F463801E635522003BF967 /* ObfuscatedKeyFactoryTests */,
				0FBF7A641E6C8AC0003B9BC9 /* DeobfuscatedKeyFactoryTests */,
				A1F463751E63527D003BF967 /* zaputyvalschikUnitTests.m */,
				A1F463771E63527D003BF967 /* Info.plist */,
			);
			path = zaputyvalschikUnitTests;
			sourceTree = "<group>";
		};
		A1F4637B1E63540F003BF967 /* ObfuscatedKeyFactory */ = {
			isa = PBXGroup;
			children = (
				A1F4637C1E635421003BF967 /* ObfuscatedKeyFactory.h */,
				A1F4637D1E635421003BF967 /* ObfuscatedKeyFactory.m */,
			);
			path = ObfuscatedKeyFactory;
			sourceTree = "<group>";
		};
		A1F463801E635522003BF967 /* ObfuscatedKeyFactoryTests */ = {
			isa = PBXGroup;
			children = (
				A1F463811E635540003BF967 /* ObfuscatedKeyFactoryTests.m */,
			);
			path = ObfuscatedKeyFactoryTests;
			sourceTree = "<group>";
		};
/* End PBXGroup section */

/* Begin PBXNativeTarget section */
		A1F4632E1E607EBC003BF967 /* zaputyvalschik */ = {
			isa = PBXNativeTarget;
			buildConfigurationList = A1F463361E607EBC003BF967 /* Build configuration list for PBXNativeTarget "zaputyvalschik" */;
			buildPhases = (
				A1F4632B1E607EBC003BF967 /* Sources */,
				A1F4632C1E607EBC003BF967 /* Frameworks */,
				A1F4632D1E607EBC003BF967 /* CopyFiles */,
			);
			buildRules = (
			);
			dependencies = (
			);
			name = zaputyvalschik;
			productName = zaputyvalschik;
			productReference = A1F4632F1E607EBC003BF967 /* zaputyvalschik */;
			productType = "com.apple.product-type.tool";
		};
		A1F463721E63527D003BF967 /* zaputyvalschikUnitTests */ = {
			isa = PBXNativeTarget;
			buildConfigurationList = A1F4637A1E63527D003BF967 /* Build configuration list for PBXNativeTarget "zaputyvalschikUnitTests" */;
			buildPhases = (
				A1F4636F1E63527D003BF967 /* Sources */,
				A1F463701E63527D003BF967 /* Frameworks */,
				A1F463711E63527D003BF967 /* Resources */,
			);
			buildRules = (
			);
			dependencies = (
			);
			name = zaputyvalschikUnitTests;
			productName = zaputyvalschikUnitTests;
			productReference = A1F463731E63527D003BF967 /* zaputyvalschikUnitTests.xctest */;
			productType = "com.apple.product-type.bundle.unit-test";
		};
/* End PBXNativeTarget section */

/* Begin PBXProject section */
		A1F463271E607EBC003BF967 /* Project object */ = {
			isa = PBXProject;
			attributes = {
				LastUpgradeCheck = 0810;
				ORGANIZATIONNAME = "Konstantin Mordan";
				TargetAttributes = {
					A1F4632E1E607EBC003BF967 = {
						CreatedOnToolsVersion = 8.1;
						DevelopmentTeam = ZY94442MK5;
						ProvisioningStyle = Automatic;
					};
					A1F463721E63527D003BF967 = {
						CreatedOnToolsVersion = 8.1;
						DevelopmentTeam = ZY94442MK5;
						ProvisioningStyle = Automatic;
					};
				};
			};
			buildConfigurationList = A1F4632A1E607EBC003BF967 /* Build configuration list for PBXProject "zaputyvalschik" */;
			compatibilityVersion = "Xcode 3.2";
			developmentRegion = English;
			hasScannedForEncodings = 0;
			knownRegions = (
				en,
			);
			mainGroup = A1F463261E607EBC003BF967;
			productRefGroup = A1F463301E607EBC003BF967 /* Products */;
			projectDirPath = "";
			projectRoot = "";
			targets = (
				A1F4632E1E607EBC003BF967 /* zaputyvalschik */,
				A1F463721E63527D003BF967 /* zaputyvalschikUnitTests */,
			);
		};
/* End PBXProject section */

/* Begin PBXResourcesBuildPhase section */
		A1F463711E63527D003BF967 /* Resources */ = {
			isa = PBXResourcesBuildPhase;
			buildActionMask = 2147483647;
			files = (
			);
			runOnlyForDeploymentPostprocessing = 0;
		};
/* End PBXResourcesBuildPhase section */

/* Begin PBXSourcesBuildPhase section */
		A1F4632B1E607EBC003BF967 /* Sources */ = {
			isa = PBXSourcesBuildPhase;
			buildActionMask = 2147483647;
			files = (
				A1F4637E1E635421003BF967 /* ObfuscatedKeyFactory.m in Sources */,
				A1F463331E607EBC003BF967 /* main.m in Sources */,
				0FBF7A701E703F06003B9BC9 /* Printer.m in Sources */,
				0FBF7A621E6C8928003B9BC9 /* DeobfuscatedKeyFactory.m in Sources */,
				0FBF7A6B1E6CA2B0003B9BC9 /* Obfuscator.m in Sources */,
			);
			runOnlyForDeploymentPostprocessing = 0;
		};
		A1F4636F1E63527D003BF967 /* Sources */ = {
			isa = PBXSourcesBuildPhase;
			buildActionMask = 2147483647;
			files = (
				A1F4637F1E635421003BF967 /* ObfuscatedKeyFactory.m in Sources */,
				0FBF7A6C1E6CA2B0003B9BC9 /* Obfuscator.m in Sources */,
				0FBF7A631E6C8928003B9BC9 /* DeobfuscatedKeyFactory.m in Sources */,
				A1F463821E635540003BF967 /* ObfuscatedKeyFactoryTests.m in Sources */,
				A1F463761E63527D003BF967 /* zaputyvalschikUnitTests.m in Sources */,
				0FBF7A711E703F06003B9BC9 /* Printer.m in Sources */,
				0FBF7A661E6C8AD0003B9BC9 /* DeobfuscatedKeyFactoryTests.m in Sources */,
			);
			runOnlyForDeploymentPostprocessing = 0;
		};
/* End PBXSourcesBuildPhase section */

/* Begin XCBuildConfiguration section */
		A1F463341E607EBC003BF967 /* Debug */ = {
			isa = XCBuildConfiguration;
			buildSettings = {
				ALWAYS_SEARCH_USER_PATHS = NO;
				CLANG_ANALYZER_NONNULL = YES;
				CLANG_CXX_LANGUAGE_STANDARD = "gnu++0x";
				CLANG_CXX_LIBRARY = "libc++";
				CLANG_ENABLE_MODULES = YES;
				CLANG_ENABLE_OBJC_ARC = YES;
				CLANG_WARN_BOOL_CONVERSION = YES;
				CLANG_WARN_CONSTANT_CONVERSION = YES;
				CLANG_WARN_DIRECT_OBJC_ISA_USAGE = YES_ERROR;
				CLANG_WARN_DOCUMENTATION_COMMENTS = YES;
				CLANG_WARN_EMPTY_BODY = YES;
				CLANG_WARN_ENUM_CONVERSION = YES;
				CLANG_WARN_INFINITE_RECURSION = YES;
				CLANG_WARN_INT_CONVERSION = YES;
				CLANG_WARN_OBJC_ROOT_CLASS = YES_ERROR;
				CLANG_WARN_SUSPICIOUS_MOVES = YES;
				CLANG_WARN_UNREACHABLE_CODE = YES;
				CLANG_WARN__DUPLICATE_METHOD_MATCH = YES;
				CODE_SIGN_IDENTITY = "-";
				COPY_PHASE_STRIP = NO;
				DEBUG_INFORMATION_FORMAT = dwarf;
				ENABLE_STRICT_OBJC_MSGSEND = YES;
				ENABLE_TESTABILITY = YES;
				GCC_C_LANGUAGE_STANDARD = gnu99;
				GCC_DYNAMIC_NO_PIC = NO;
				GCC_NO_COMMON_BLOCKS = YES;
				GCC_OPTIMIZATION_LEVEL = 0;
				GCC_PREPROCESSOR_DEFINITIONS = (
					"DEBUG=1",
					"$(inherited)",
				);
				GCC_WARN_64_TO_32_BIT_CONVERSION = YES;
				GCC_WARN_ABOUT_RETURN_TYPE = YES_ERROR;
				GCC_WARN_UNDECLARED_SELECTOR = YES;
				GCC_WARN_UNINITIALIZED_AUTOS = YES_AGGRESSIVE;
				GCC_WARN_UNUSED_FUNCTION = YES;
				GCC_WARN_UNUSED_VARIABLE = YES;
				MACOSX_DEPLOYMENT_TARGET = 10.12;
				MTL_ENABLE_DEBUG_INFO = YES;
				ONLY_ACTIVE_ARCH = YES;
				SDKROOT = macosx;
			};
			name = Debug;
		};
		A1F463351E607EBC003BF967 /* Release */ = {
			isa = XCBuildConfiguration;
			buildSettings = {
				ALWAYS_SEARCH_USER_PATHS = NO;
				CLANG_ANALYZER_NONNULL = YES;
				CLANG_CXX_LANGUAGE_STANDARD = "gnu++0x";
				CLANG_CXX_LIBRARY = "libc++";
				CLANG_ENABLE_MODULES = YES;
				CLANG_ENABLE_OBJC_ARC = YES;
				CLANG_WARN_BOOL_CONVERSION = YES;
				CLANG_WARN_CONSTANT_CONVERSION = YES;
				CLANG_WARN_DIRECT_OBJC_ISA_USAGE = YES_ERROR;
				CLANG_WARN_DOCUMENTATION_COMMENTS = YES;
				CLANG_WARN_EMPTY_BODY = YES;
				CLANG_WARN_ENUM_CONVERSION = YES;
				CLANG_WARN_INFINITE_RECURSION = YES;
				CLANG_WARN_INT_CONVERSION = YES;
				CLANG_WARN_OBJC_ROOT_CLASS = YES_ERROR;
				CLANG_WARN_SUSPICIOUS_MOVES = YES;
				CLANG_WARN_UNREACHABLE_CODE = YES;
				CLANG_WARN__DUPLICATE_METHOD_MATCH = YES;
				CODE_SIGN_IDENTITY = "-";
				COPY_PHASE_STRIP = NO;
				DEBUG_INFORMATION_FORMAT = "dwarf-with-dsym";
				ENABLE_NS_ASSERTIONS = NO;
				ENABLE_STRICT_OBJC_MSGSEND = YES;
				GCC_C_LANGUAGE_STANDARD = gnu99;
				GCC_NO_COMMON_BLOCKS = YES;
				GCC_WARN_64_TO_32_BIT_CONVERSION = YES;
				GCC_WARN_ABOUT_RETURN_TYPE = YES_ERROR;
				GCC_WARN_UNDECLARED_SELECTOR = YES;
				GCC_WARN_UNINITIALIZED_AUTOS = YES_AGGRESSIVE;
				GCC_WARN_UNUSED_FUNCTION = YES;
				GCC_WARN_UNUSED_VARIABLE = YES;
				MACOSX_DEPLOYMENT_TARGET = 10.12;
				MTL_ENABLE_DEBUG_INFO = NO;
				SDKROOT = macosx;
			};
			name = Release;
		};
		A1F463371E607EBC003BF967 /* Debug */ = {
			isa = XCBuildConfiguration;
			buildSettings = {
				DEVELOPMENT_TEAM = ZY94442MK5;
				PRODUCT_NAME = "$(TARGET_NAME)";
			};
			name = Debug;
		};
		A1F463381E607EBC003BF967 /* Release */ = {
			isa = XCBuildConfiguration;
			buildSettings = {
				DEVELOPMENT_TEAM = ZY94442MK5;
				PRODUCT_NAME = "$(TARGET_NAME)";
			};
			name = Release;
		};
		A1F463781E63527D003BF967 /* Debug */ = {
			isa = XCBuildConfiguration;
			buildSettings = {
				COMBINE_HIDPI_IMAGES = YES;
				DEVELOPMENT_TEAM = ZY94442MK5;
				INFOPLIST_FILE = zaputyvalschikUnitTests/Info.plist;
				LD_RUNPATH_SEARCH_PATHS = "$(inherited) @executable_path/../Frameworks @loader_path/../Frameworks";
				PRODUCT_BUNDLE_IDENTIFIER = km.zaputyvalschikUnitTests;
				PRODUCT_NAME = "$(TARGET_NAME)";
			};
			name = Debug;
		};
		A1F463791E63527D003BF967 /* Release */ = {
			isa = XCBuildConfiguration;
			buildSettings = {
				COMBINE_HIDPI_IMAGES = YES;
				DEVELOPMENT_TEAM = ZY94442MK5;
				INFOPLIST_FILE = zaputyvalschikUnitTests/Info.plist;
				LD_RUNPATH_SEARCH_PATHS = "$(inherited) @executable_path/../Frameworks @loader_path/../Frameworks";
				PRODUCT_BUNDLE_IDENTIFIER = km.zaputyvalschikUnitTests;
				PRODUCT_NAME = "$(TARGET_NAME)";
			};
			name = Release;
		};
/* End XCBuildConfiguration section */

/* Begin XCConfigurationList section */
		A1F4632A1E607EBC003BF967 /* Build configuration list for PBXProject "zaputyvalschik" */ = {
			isa = XCConfigurationList;
			buildConfigurations = (
				A1F463341E607EBC003BF967 /* Debug */,
				A1F463351E607EBC003BF967 /* Release */,
			);
			defaultConfigurationIsVisible = 0;
			defaultConfigurationName = Release;
		};
		A1F463361E607EBC003BF967 /* Build configuration list for PBXNativeTarget "zaputyvalschik" */ = {
			isa = XCConfigurationList;
			buildConfigurations = (
				A1F463371E607EBC003BF967 /* Debug */,
				A1F463381E607EBC003BF967 /* Release */,
			);
			defaultConfigurationIsVisible = 0;
			defaultConfigurationName = Release;
		};
		A1F4637A1E63527D003BF967 /* Build configuration list for PBXNativeTarget "zaputyvalschikUnitTests" */ = {
			isa = XCConfigurationList;
			buildConfigurations = (
				A1F463781E63527D003BF967 /* Debug */,
				A1F463791E63527D003BF967 /* Release */,
			);
			defaultConfigurationIsVisible = 0;
			defaultConfigurationName = Release;
		};
/* End XCConfigurationList section */
	};
	rootObject = A1F463271E607EBC003BF967 /* Project object */;
}
